
Microsoft Visual Studio Solution File, Format Version 12.00
# Visual Studio 2013
VisualStudioVersion = 12.0.31101.0
MinimumVisualStudioVersion = 10.0.40219.1
Project("{FAE04EC0-301F-11D3-BF4B-00C04F79EFBC}") = "IO", "IO\IO.csproj", "{7EF58EC4-42EE-4FD9-A04B-410A32FE6C00}"
EndProject
Project("{FAE04EC0-301F-11D3-BF4B-00C04F79EFBC}") = "Test", "Test\Test.csproj", "{2048F444-48E0-4C8E-A21C-E1287565E856}"
EndProject
Project("{FAE04EC0-301F-11D3-BF4B-00C04F79EFBC}") = "TestWin", "TestWin\TestWin.csproj", "{1FEBB272-36F6-4980-97FE-B213FA2D6D5F}"
EndProject
Project("{FAE04EC0-301F-11D3-BF4B-00C04F79EFBC}") = "TableEdit", "TableEdit\TableEdit.csproj", "{6CD5AF63-9ED6-4B7E-BA8D-C1F6A1C14F0E}"
EndProject
Project("{FAE04EC0-301F-11D3-BF4B-00C04F79EFBC}") = "GIS", "GIS\GIS.csproj", "{2C6F6681-2034-41E0-B301-2D91FB1A8912}"
EndProject
Global
	GlobalSection(SolutionConfigurationPlatforms) = preSolution
		Debug|Any CPU = Debug|Any CPU
		Release|Any CPU = Release|Any CPU
	EndGlobalSection
	GlobalSection(ProjectConfigurationPlatforms) = postSolution
		{7EF58EC4-42EE-4FD9-A04B-410A32FE6C00}.Debug|Any CPU.ActiveCfg = Debug|Any CPU
		{7EF58EC4-42EE-4FD9-A04B-410A32FE6C00}.Debug|Any CPU.Build.0 = Debug|Any CPU
		{7EF58EC4-42EE-4FD9-A04B-410A32FE6C00}.Release|Any CPU.ActiveCfg = Release|Any CPU
		{7EF58EC4-42EE-4FD9-A04B-410A32FE6C00}.Release|Any CPU.Build.0 = Release|Any CPU
		{2048F444-48E0-4C8E-A21C-E1287565E856}.Debug|Any CPU.ActiveCfg = Debug|Any CPU
		{2048F444-48E0-4C8E-A21C-E1287565E856}.Debug|Any CPU.Build.0 = Debug|Any CPU
		{2048F444-48E0-4C8E-A21C-E1287565E856}.Release|Any CPU.ActiveCfg = Release|Any CPU
		{2048F444-48E0-4C8E-A21C-E1287565E856}.Release|Any CPU.Build.0 = Release|Any CPU
		{1FEBB272-36F6-4980-97FE-B213FA2D6D5F}.Debug|Any CPU.ActiveCfg = Debug|Any CPU
		{1FEBB272-36F6-4980-97FE-B213FA2D6D5F}.Debug|Any CPU.Build.0 = Debug|Any CPU
		{1FEBB272-36F6-4980-97FE-B213FA2D6D5F}.Release|Any CPU.ActiveCfg = Release|Any CPU
		{1FEBB272-36F6-4980-97FE-B213FA2D6D5F}.Release|Any CPU.Build.0 = Release|Any CPU
		{6CD5AF63-9ED6-4B7E-BA8D-C1F6A1C14F0E}.Debug|Any CPU.ActiveCfg = Debug|Any CPU
		{6CD5AF63-9ED6-4B7E-BA8D-C1F6A1C14F0E}.Debug|Any CPU.Build.0 = Debug|Any CPU
		{6CD5AF63-9ED6-4B7E-BA8D-C1F6A1C14F0E}.Release|Any CPU.ActiveCfg = Release|Any CPU
		{6CD5AF63-9ED6-4B7E-BA8D-C1F6A1C14F0E}.Release|Any CPU.Build.0 = Release|Any CPU
		{2C6F6681-2034-41E0-B301-2D91FB1A8912}.Debug|Any CPU.ActiveCfg = Debug|Any CPU
		{2C6F6681-2034-41E0-B301-2D91FB1A8912}.Debug|Any CPU.Build.0 = Debug|Any CPU
		{2C6F6681-2034-41E0-B301-2D91FB1A8912}.Release|Any CPU.ActiveCfg = Release|Any CPU
		{2C6F6681-2034-41E0-B301-2D91FB1A8912}.Release|Any CPU.Build.0 = Release|Any CPU
	EndGlobalSection
	GlobalSection(SolutionProperties) = preSolution
		HideSolutionNode = FALSE
	EndGlobalSection
EndGlobal
